{
  "object": {
    "pins": [
      {
        "package": "PayUIndia-PayUParams",
        "repositoryURL": "https://github.com/payu-intrepos/payu-params-iOS",
        "state": {
          "branch": null,
          "revision": "288d14df0775c97af7b36453e2853675bf8ed39f",
          "version": "4.6.0"
        }
      },
      {
        "package": "PayUIndia-CrashReporter",
        "repositoryURL": "https://github.com/payu-intrepos/PayUCrashReporter-iOS",
        "state": {
          "branch": null,
          "revision": "3bfc702a711b2f60adb3c99e65134032e92f3e16",
          "version": "2.1.0"
        }
      },
      {
        "package": "PayUIndia-NetworkReachability",
        "repositoryURL": "https://github.com/payu-intrepos/PayUNetworkReachability-iOS",
        "state": {
          "branch": null,
          "revision": "c477d6c84e609c24193e4fb76cadc40935d1838b",
          "version": "2.0.1"
        }
      }
    ]
  },
  "version": 1
}
