{
  "object": {
    "pins": [
      {
        "package": "PayUIndia-PayUParams",
        "repositoryURL": "https://github.com/payu-intrepos/payu-params-iOS",
        "state": {
          "branch": null,
          "revision": "d033e7f295b128cf956fc37f9b679a61144a7476",
          "version": "6.6.0"
        }
      },
      {
        "package": "PayUIndia-CrashReporter",
        "repositoryURL": "https://github.com/payu-intrepos/PayUCrashReporter-iOS",
        "state": {
          "branch": null,
          "revision": "454760775aaa4a9cf9d9a3ec8aec2fdf276ad664",
          "version": "4.0.1"
        }
      },
      {
        "package": "PayUIndia-NetworkReachability",
        "repositoryURL": "https://github.com/payu-intrepos/PayUNetworkReachability-iOS",
        "state": {
          "branch": null,
          "revision": "2c4e108fa7654cfca2dbb4f96f176a5788470d18",
          "version": "2.1.1"
        }
      }
    ]
  },
  "version": 1
}
